
Microsoft Visual Studio Solution File, Format Version 12.00
# Visual Studio Version 17
VisualStudioVersion = 17.10.35122.118
MinimumVisualStudioVersion = 10.0.40219.1
Project("{FAE04EC0-301F-11D3-BF4B-00C04F79EFBC}") = "whatifbtc", "whatifbtc\whatifbtc.csproj", "{2EA533A1-51BD-4E8D-B4AD-356E421A6946}"
EndProject
Global
	GlobalSection(SolutionConfigurationPlatforms) = preSolution
		Debug|Any CPU = Debug|Any CPU
		Release|Any CPU = Release|Any CPU
	EndGlobalSection
	GlobalSection(ProjectConfigurationPlatforms) = postSolution
		{2EA533A1-51BD-4E8D-B4AD-356E421A6946}.Debug|Any CPU.ActiveCfg = Debug|Any CPU
		{2EA533A1-51BD-4E8D-B4AD-356E421A6946}.Debug|Any CPU.Build.0 = Debug|Any CPU
		{2EA533A1-51BD-4E8D-B4AD-356E421A6946}.Release|Any CPU.ActiveCfg = Release|Any CPU
		{2EA533A1-51BD-4E8D-B4AD-356E421A6946}.Release|Any CPU.Build.0 = Release|Any CPU
	EndGlobalSection
	GlobalSection(SolutionProperties) = preSolution
		HideSolutionNode = FALSE
	EndGlobalSection
	GlobalSection(ExtensibilityGlobals) = postSolution
		SolutionGuid = {652DE891-AAD3-4B0F-84AB-0743D450382C}
	EndGlobalSection
EndGlobal
